
Microsoft Visual Studio Solution File, Format Version 12.00
Project("{FAE04EC0-301F-11D3-BF4B-00C04F79EFBC}") = "CatalogService", "CatalogService\CatalogService.csproj", "{BA9796F0-1874-448E-9B66-886C7447063D}"
EndProject
Project("{FAE04EC0-301F-11D3-BF4B-00C04F79EFBC}") = "SearchService", "SearchService\SearchService.csproj", "{A851CC32-1001-43C9-A8F0-BB65B4AF21FB}"
EndProject
Project("{FAE04EC0-301F-11D3-BF4B-00C04F79EFBC}") = "ApiGateway", "ApiGateway\ApiGateway.csproj", "{0BCB2ADA-1ABB-47AC-8311-8BE21251602F}"
EndProject
Global
	GlobalSection(SolutionConfigurationPlatforms) = preSolution
		Debug|Any CPU = Debug|Any CPU
		Release|Any CPU = Release|Any CPU
	EndGlobalSection
	GlobalSection(ProjectConfigurationPlatforms) = postSolution
		{BA9796F0-1874-448E-9B66-886C7447063D}.Debug|Any CPU.ActiveCfg = Debug|Any CPU
		{BA9796F0-1874-448E-9B66-886C7447063D}.Debug|Any CPU.Build.0 = Debug|Any CPU
		{BA9796F0-1874-448E-9B66-886C7447063D}.Release|Any CPU.ActiveCfg = Release|Any CPU
		{BA9796F0-1874-448E-9B66-886C7447063D}.Release|Any CPU.Build.0 = Release|Any CPU
		{A851CC32-1001-43C9-A8F0-BB65B4AF21FB}.Debug|Any CPU.ActiveCfg = Debug|Any CPU
		{A851CC32-1001-43C9-A8F0-BB65B4AF21FB}.Debug|Any CPU.Build.0 = Debug|Any CPU
		{A851CC32-1001-43C9-A8F0-BB65B4AF21FB}.Release|Any CPU.ActiveCfg = Release|Any CPU
		{A851CC32-1001-43C9-A8F0-BB65B4AF21FB}.Release|Any CPU.Build.0 = Release|Any CPU
		{0BCB2ADA-1ABB-47AC-8311-8BE21251602F}.Debug|Any CPU.ActiveCfg = Debug|Any CPU
		{0BCB2ADA-1ABB-47AC-8311-8BE21251602F}.Debug|Any CPU.Build.0 = Debug|Any CPU
		{0BCB2ADA-1ABB-47AC-8311-8BE21251602F}.Release|Any CPU.ActiveCfg = Release|Any CPU
		{0BCB2ADA-1ABB-47AC-8311-8BE21251602F}.Release|Any CPU.Build.0 = Release|Any CPU
	EndGlobalSection
EndGlobal
